
Microsoft Visual Studio Solution File, Format Version 12.00
# Visual Studio Version 16
VisualStudioVersion = 16.0.31729.503
MinimumVisualStudioVersion = 10.0.40219.1
Project("{FAE04EC0-301F-11D3-BF4B-00C04F79EFBC}") = "Cab_Invoice_Genrater", "Cab_Invoice_Genrater\Cab_Invoice_Genrater.csproj", "{569900D6-1ADD-4C3E-9BBD-99C9CF20B2D8}"
EndProject
Global
	GlobalSection(SolutionConfigurationPlatforms) = preSolution
		Debug|Any CPU = Debug|Any CPU
		Release|Any CPU = Release|Any CPU
	EndGlobalSection
	GlobalSection(ProjectConfigurationPlatforms) = postSolution
		{569900D6-1ADD-4C3E-9BBD-99C9CF20B2D8}.Debug|Any CPU.ActiveCfg = Debug|Any CPU
		{569900D6-1ADD-4C3E-9BBD-99C9CF20B2D8}.Debug|Any CPU.Build.0 = Debug|Any CPU
		{569900D6-1ADD-4C3E-9BBD-99C9CF20B2D8}.Release|Any CPU.ActiveCfg = Release|Any CPU
		{569900D6-1ADD-4C3E-9BBD-99C9CF20B2D8}.Release|Any CPU.Build.0 = Release|Any CPU
	EndGlobalSection
	GlobalSection(SolutionProperties) = preSolution
		HideSolutionNode = FALSE
	EndGlobalSection
	GlobalSection(ExtensibilityGlobals) = postSolution
		SolutionGuid = {DB75BC67-9830-4D10-8A0B-CBEAB77504F4}
	EndGlobalSection
EndGlobal
